
Microsoft Visual Studio Solution File, Format Version 12.00
# Visual Studio Version 17
VisualStudioVersion = 17.12.35527.113
MinimumVisualStudioVersion = 10.0.40219.1
Project("{9A19103F-16F7-4668-BE54-9A1E7A4F7556}") = "Autumn.UIML.Model", "Autumn.UIML.Model\Autumn.UIML.Model.csproj", "{E13E7C36-D942-4966-839D-9EACE49BECD0}"
EndProject
Project("{FAE04EC0-301F-11D3-BF4B-00C04F79EFBC}") = "Autumn.Domain", "Autumn.Domain\Autumn.Domain.csproj", "{F1081D41-DDB5-4788-AC56-A322DC71AF28}"
EndProject
Project("{FAE04EC0-301F-11D3-BF4B-00C04F79EFBC}") = "Autumn.API", "Autumn.API\Autumn.API.csproj", "{2E2A952E-553B-43E3-A31A-A732181A2317}"
EndProject
Project("{FAE04EC0-301F-11D3-BF4B-00C04F79EFBC}") = "Autumn.UI", "Autumn.UI\Autumn.UI.csproj", "{7D7D785C-EF7B-4E62-B961-BD72B9C9032E}"
EndProject
Project("{FAE04EC0-301F-11D3-BF4B-00C04F79EFBC}") = "Autumn.Repository", "Autumn.Repository\Autumn.Repository.csproj", "{C4E8BAFD-E83C-4682-8D06-1F4F0C6AB8AF}"
EndProject
Project("{FAE04EC0-301F-11D3-BF4B-00C04F79EFBC}") = "Autumn.Service", "Autumn.BL\Autumn.Service.csproj", "{87D23D9D-D7B3-4C8A-A857-F5F2B27038B7}"
EndProject
Global
	GlobalSection(SolutionConfigurationPlatforms) = preSolution
		Debug|Any CPU = Debug|Any CPU
		Release|Any CPU = Release|Any CPU
	EndGlobalSection
	GlobalSection(ProjectConfigurationPlatforms) = postSolution
		{E13E7C36-D942-4966-839D-9EACE49BECD0}.Debug|Any CPU.ActiveCfg = Debug|Any CPU
		{E13E7C36-D942-4966-839D-9EACE49BECD0}.Debug|Any CPU.Build.0 = Debug|Any CPU
		{E13E7C36-D942-4966-839D-9EACE49BECD0}.Release|Any CPU.ActiveCfg = Release|Any CPU
		{E13E7C36-D942-4966-839D-9EACE49BECD0}.Release|Any CPU.Build.0 = Release|Any CPU
		{F1081D41-DDB5-4788-AC56-A322DC71AF28}.Debug|Any CPU.ActiveCfg = Debug|Any CPU
		{F1081D41-DDB5-4788-AC56-A322DC71AF28}.Debug|Any CPU.Build.0 = Debug|Any CPU
		{F1081D41-DDB5-4788-AC56-A322DC71AF28}.Release|Any CPU.ActiveCfg = Release|Any CPU
		{F1081D41-DDB5-4788-AC56-A322DC71AF28}.Release|Any CPU.Build.0 = Release|Any CPU
		{2E2A952E-553B-43E3-A31A-A732181A2317}.Debug|Any CPU.ActiveCfg = Debug|Any CPU
		{2E2A952E-553B-43E3-A31A-A732181A2317}.Debug|Any CPU.Build.0 = Debug|Any CPU
		{2E2A952E-553B-43E3-A31A-A732181A2317}.Release|Any CPU.ActiveCfg = Release|Any CPU
		{2E2A952E-553B-43E3-A31A-A732181A2317}.Release|Any CPU.Build.0 = Release|Any CPU
		{7D7D785C-EF7B-4E62-B961-BD72B9C9032E}.Debug|Any CPU.ActiveCfg = Debug|Any CPU
		{7D7D785C-EF7B-4E62-B961-BD72B9C9032E}.Debug|Any CPU.Build.0 = Debug|Any CPU
		{7D7D785C-EF7B-4E62-B961-BD72B9C9032E}.Release|Any CPU.ActiveCfg = Release|Any CPU
		{7D7D785C-EF7B-4E62-B961-BD72B9C9032E}.Release|Any CPU.Build.0 = Release|Any CPU
		{C4E8BAFD-E83C-4682-8D06-1F4F0C6AB8AF}.Debug|Any CPU.ActiveCfg = Debug|Any CPU
		{C4E8BAFD-E83C-4682-8D06-1F4F0C6AB8AF}.Debug|Any CPU.Build.0 = Debug|Any CPU
		{C4E8BAFD-E83C-4682-8D06-1F4F0C6AB8AF}.Release|Any CPU.ActiveCfg = Release|Any CPU
		{C4E8BAFD-E83C-4682-8D06-1F4F0C6AB8AF}.Release|Any CPU.Build.0 = Release|Any CPU
		{87D23D9D-D7B3-4C8A-A857-F5F2B27038B7}.Debug|Any CPU.ActiveCfg = Debug|Any CPU
		{87D23D9D-D7B3-4C8A-A857-F5F2B27038B7}.Debug|Any CPU.Build.0 = Debug|Any CPU
		{87D23D9D-D7B3-4C8A-A857-F5F2B27038B7}.Release|Any CPU.ActiveCfg = Release|Any CPU
		{87D23D9D-D7B3-4C8A-A857-F5F2B27038B7}.Release|Any CPU.Build.0 = Release|Any CPU
	EndGlobalSection
	GlobalSection(SolutionProperties) = preSolution
		HideSolutionNode = FALSE
	EndGlobalSection
	GlobalSection(ExtensibilityGlobals) = postSolution
		SolutionGuid = {2C4C321D-CDC3-4679-B770-467BA4AA1443}
	EndGlobalSection
EndGlobal
